{
  "object": {
    "pins": [
      {
        "package": "Alamofire",
        "repositoryURL": "https://github.com/Alamofire/Alamofire",
        "state": {
          "branch": null,
          "revision": "becd9a729a37bdbef5bc39dc3c702b99f9e3d046",
          "version": "5.2.2"
        }
      },
      {
        "package": "Carbon",
        "repositoryURL": "https://github.com/ra1028/Carbon",
        "state": {
          "branch": null,
          "revision": "57db8c9fa5d81d76c597930fcabc60b358125d18",
          "version": "1.0.0-rc.6"
        }
      },
      {
        "package": "DifferenceKit",
        "repositoryURL": "https://github.com/ra1028/DifferenceKit",
        "state": {
          "branch": null,
          "revision": "4eb31f8e85e4cb13732f9664d6e01e507cd592a0",
          "version": "1.1.3"
        }
      },
      {
        "package": "KeychainAccess",
        "repositoryURL": "https://github.com/kishikawakatsumi/KeychainAccess",
        "state": {
          "branch": null,
          "revision": "3d0ea2c0806791abcc5d7f0d9f62f1cfd4a7264d",
          "version": "4.2.0"
        }
      },
      {
        "package": "Kingfisher",
        "repositoryURL": "https://github.com/onevcat/Kingfisher",
        "state": {
          "branch": null,
          "revision": "175eeb4618b0a6ef4d69a7409b6a74ddd235a093",
          "version": "5.15.0"
        }
      },
      {
        "package": "Pageboy",
        "repositoryURL": "https://github.com/uias/Pageboy",
        "state": {
          "branch": null,
          "revision": "fcaaab06e634de68d2929883083683ec8cf5dade",
          "version": "3.6.1"
        }
      },
      {
        "package": "Promises",
        "repositoryURL": "https://github.com/google/promises",
        "state": {
          "branch": null,
          "revision": "6b6f4fe3385ed37389fb231bc40be81de2f1230f",
          "version": "1.2.8"
        }
      },
      {
        "package": "SnapKit",
        "repositoryURL": "https://github.com/SnapKit/SnapKit",
        "state": {
          "branch": null,
          "revision": "d458564516e5676af9c70b4f4b2a9178294f1bc6",
          "version": "5.0.1"
        }
      }
    ]
  },
  "version": 1
}
